{
    "name": "mesh-red-workspace",
    "version": "0.0.1",
    "lockfileVersion": 1,
    "requires": true,
    "dependencies": {
        "big-integer": {
            "version": "1.6.48",
            "resolved": "https://registry.npmjs.org/big-integer/-/big-integer-1.6.48.tgz",
            "integrity": "sha512-j51egjPa7/i+RdiRuJbPdJ2FIUYYPhvYLjzoYbcMMm62ooO6F94fETG4MTs46zPAF9Brs04OajboA/qTGuz78w=="
        },
        "binary-search-bounds": {
            "version": "2.0.3",
            "resolved": "https://registry.npmjs.org/binary-search-bounds/-/binary-search-bounds-2.0.3.tgz",
            "integrity": "sha1-X/hhbW3SylOIvIWy1iZuK52lAtw="
        },
        "bson": {
            "version": "1.0.9",
            "resolved": "https://registry.npmjs.org/bson/-/bson-1.0.9.tgz",
            "integrity": "sha512-IQX9/h7WdMBIW/q/++tGd+emQr0XMdeZ6icnT/74Xk9fnabWn+gZgpE+9V+gujL3hhJOoNrnDVY7tWdzc7NUTg=="
        },
        "buffer-shims": {
            "version": "1.0.0",
            "resolved": "https://registry.npmjs.org/buffer-shims/-/buffer-shims-1.0.0.tgz",
            "integrity": "sha1-mXjOMXOIxkmth5MCjDR37wRKi1E="
        },
        "core-util-is": {
            "version": "1.0.2",
            "resolved": "https://registry.npmjs.org/core-util-is/-/core-util-is-1.0.2.tgz",
            "integrity": "sha1-tf1UIgqivFq1eqtxQMlAdUUDwac="
        },
        "debug": {
            "version": "4.1.1",
            "resolved": "https://registry.npmjs.org/debug/-/debug-4.1.1.tgz",
            "integrity": "sha512-pYAIzeRo8J6KPEaJ0VWOh5Pzkbw/RetuzehGM7QRRX5he4fPHx2rdKMB256ehJCkX+XRQm16eZLqLNS8RSZXZw==",
            "requires": {
                "ms": "^2.1.1"
            }
        },
        "documentdb": {
            "version": "1.15.3",
            "resolved": "https://registry.npmjs.org/documentdb/-/documentdb-1.15.3.tgz",
            "integrity": "sha512-V+B0D1arcWVT3uv/Nms2aNNeJBgndysDcXfyOFgz2dlMCmY8cWMFXFuo+6T4A8PjLL2pI9QSoo4CwXQBREFcnA==",
            "requires": {
                "big-integer": "^1.6.25",
                "binary-search-bounds": "2.0.3",
                "debug": "^4.1.0",
                "int64-buffer": "^0.1.9",
                "priorityqueuejs": "1.0.0",
                "semaphore": "1.0.5",
                "tunnel": "0.0.5",
                "underscore": "1.8.3"
            }
        },
        "es6-promise": {
            "version": "3.2.1",
            "resolved": "https://registry.npmjs.org/es6-promise/-/es6-promise-3.2.1.tgz",
            "integrity": "sha1-7FYjOGgDKQkgcXDDlEjiREndH8Q="
        },
        "inherits": {
            "version": "2.0.4",
            "resolved": "https://registry.npmjs.org/inherits/-/inherits-2.0.4.tgz",
            "integrity": "sha512-k/vGaX4/Yla3WzyMCvTQOXYeIHvqOKtnqBduzTHpzpQZzAskKMhZ2K+EnBiSM9zGSoIFeMpXKxa4dYeZIQqewQ=="
        },
        "int64-buffer": {
            "version": "0.1.10",
            "resolved": "https://registry.npmjs.org/int64-buffer/-/int64-buffer-0.1.10.tgz",
            "integrity": "sha1-J3siiofZWtd30HwTgyAiQGpHNCM="
        },
        "isarray": {
            "version": "1.0.0",
            "resolved": "https://registry.npmjs.org/isarray/-/isarray-1.0.0.tgz",
            "integrity": "sha1-u5NdSFgsuhaMBoNJV6VKPgcSTxE="
        },
        "mongodb": {
            "version": "2.2.36",
            "resolved": "https://registry.npmjs.org/mongodb/-/mongodb-2.2.36.tgz",
            "integrity": "sha512-P2SBLQ8Z0PVx71ngoXwo12+FiSfbNfGOClAao03/bant5DgLNkOPAck5IaJcEk4gKlQhDEURzfR3xuBG1/B+IA==",
            "requires": {
                "es6-promise": "3.2.1",
                "mongodb-core": "2.1.20",
                "readable-stream": "2.2.7"
            }
        },
        "mongodb-core": {
            "version": "2.1.20",
            "resolved": "https://registry.npmjs.org/mongodb-core/-/mongodb-core-2.1.20.tgz",
            "integrity": "sha512-IN57CX5/Q1bhDq6ShAR6gIv4koFsZP7L8WOK1S0lR0pVDQaScffSMV5jxubLsmZ7J+UdqmykKw4r9hG3XQEGgQ==",
            "requires": {
                "bson": "~1.0.4",
                "require_optional": "~1.0.0"
            }
        },
        "ms": {
            "version": "2.1.2",
            "resolved": "https://registry.npmjs.org/ms/-/ms-2.1.2.tgz",
            "integrity": "sha512-sGkPx+VjMtmA6MX27oA4FBFELFCZZ4S4XqeGOXCv68tT+jb3vk/RyaKWP0PTKyWtmLSM0b+adUTEvbs1PEaH2w=="
        },
        "node-red-contrib-azure-documentdb": {
            "version": "0.0.3",
            "resolved": "https://registry.npmjs.org/node-red-contrib-azure-documentdb/-/node-red-contrib-azure-documentdb-0.0.3.tgz",
            "integrity": "sha1-Eci7h5MidTGmUFF2noUcz/jcpjE=",
            "requires": {
                "documentdb": "^1.6.0"
            }
        },
        "node-red-mongodb": {
            "version": "0.0.18",
            "resolved": "https://registry.npmjs.org/node-red-mongodb/-/node-red-mongodb-0.0.18.tgz",
            "integrity": "sha512-65QlSGPab4RMIltPzh950szjv4TJ7vAvasXi0il3GRE2o/dubhBCADUki6nNofY8y98SaqbPV9CL+usToH4A8A==",
            "requires": {
                "mongodb": "^2.2.11"
            }
        },
        "priorityqueuejs": {
            "version": "1.0.0",
            "resolved": "https://registry.npmjs.org/priorityqueuejs/-/priorityqueuejs-1.0.0.tgz",
            "integrity": "sha1-LuTyPCVgkT4IwHzlzN1t498sWvg="
        },
        "process-nextick-args": {
            "version": "1.0.7",
            "resolved": "https://registry.npmjs.org/process-nextick-args/-/process-nextick-args-1.0.7.tgz",
            "integrity": "sha1-FQ4gt1ZZCtP5EJPyWk8q2L/zC6M="
        },
        "readable-stream": {
            "version": "2.2.7",
            "resolved": "https://registry.npmjs.org/readable-stream/-/readable-stream-2.2.7.tgz",
            "integrity": "sha1-BwV6y+JGeyIELTb5jFrVBwVOlbE=",
            "requires": {
                "buffer-shims": "~1.0.0",
                "core-util-is": "~1.0.0",
                "inherits": "~2.0.1",
                "isarray": "~1.0.0",
                "process-nextick-args": "~1.0.6",
                "string_decoder": "~1.0.0",
                "util-deprecate": "~1.0.1"
            }
        },
        "require_optional": {
            "version": "1.0.1",
            "resolved": "https://registry.npmjs.org/require_optional/-/require_optional-1.0.1.tgz",
            "integrity": "sha512-qhM/y57enGWHAe3v/NcwML6a3/vfESLe/sGM2dII+gEO0BpKRUkWZow/tyloNqJyN6kXSl3RyyM8Ll5D/sJP8g==",
            "requires": {
                "resolve-from": "^2.0.0",
                "semver": "^5.1.0"
            }
        },
        "resolve-from": {
            "version": "2.0.0",
            "resolved": "https://registry.npmjs.org/resolve-from/-/resolve-from-2.0.0.tgz",
            "integrity": "sha1-lICrIOlP+h2egKgEx+oUdhGWa1c="
        },
        "safe-buffer": {
            "version": "5.1.2",
            "resolved": "https://registry.npmjs.org/safe-buffer/-/safe-buffer-5.1.2.tgz",
            "integrity": "sha512-Gd2UZBJDkXlY7GbJxfsE8/nvKkUEU1G38c1siN6QP6a9PT9MmHB8GnpscSmMJSoF8LOIrt8ud/wPtojys4G6+g=="
        },
        "semaphore": {
            "version": "1.0.5",
            "resolved": "https://registry.npmjs.org/semaphore/-/semaphore-1.0.5.tgz",
            "integrity": "sha1-tJJXbmavGT25XWXiXsU/Xxl5jWA="
        },
        "semver": {
            "version": "5.7.1",
            "resolved": "https://registry.npmjs.org/semver/-/semver-5.7.1.tgz",
            "integrity": "sha512-sauaDf/PZdVgrLTNYHRtpXa1iRiKcaebiKQ1BJdpQlWH2lCvexQdX55snPFyK7QzpudqbCI0qXFfOasHdyNDGQ=="
        },
        "string_decoder": {
            "version": "1.0.3",
            "resolved": "https://registry.npmjs.org/string_decoder/-/string_decoder-1.0.3.tgz",
            "integrity": "sha512-4AH6Z5fzNNBcH+6XDMfA/BTt87skxqJlO0lAh3Dker5zThcAxG6mKz+iGu308UKoPPQ8Dcqx/4JhujzltRa+hQ==",
            "requires": {
                "safe-buffer": "~5.1.0"
            }
        },
        "tunnel": {
            "version": "0.0.5",
            "resolved": "https://registry.npmjs.org/tunnel/-/tunnel-0.0.5.tgz",
            "integrity": "sha512-gj5sdqherx4VZKMcBA4vewER7zdK25Td+z1npBqpbDys4eJrLx+SlYjJvq1bDXs2irkuJM5pf8ktaEQVipkrbA=="
        },
        "underscore": {
            "version": "1.8.3",
            "resolved": "https://registry.npmjs.org/underscore/-/underscore-1.8.3.tgz",
            "integrity": "sha1-Tz+1OxBuYJf8+ctBCfKl6b36UCI="
        },
        "util-deprecate": {
            "version": "1.0.2",
            "resolved": "https://registry.npmjs.org/util-deprecate/-/util-deprecate-1.0.2.tgz",
            "integrity": "sha1-RQ1Nyfpw3nMnYvvS1KKJgUGaDM8="
        }
    }
}
